<?xml version="1.0" encoding="utf-8"?>
<Project ToolsVersion="4.0" xmlns="http://schemas.microsoft.com/developer/msbuild/2003">
  <ItemGroup>
    <ClCompile Include="..\Src\basegame.c">
      <Filter>Source Files</Filter>
    </ClCompile>
    <ClCompile Include="..\Src\credits.c">
      <Filter>Source Files</Filter>
    </ClCompile>
    <ClCompile Include="..\Src\customer.c">
      <Filter>Source Files</Filter>
    </ClCompile>
    <ClCompile Include="..\Src\generateLevel.c">
      <Filter>Source Files</Filter>
    </ClCompile>
    <ClCompile Include="..\Src\levellogic.c">
      <Filter>Source Files</Filter>
    </ClCompile>
    <ClCompile Include="..\Src\levelSelect.c">
      <Filter>Source Files</Filter>
    </ClCompile>
    <ClCompile Include="..\Src\levelTransition.c">
      <Filter>Source Files</Filter>
    </ClCompile>
    <ClCompile Include="..\Src\main.c">
      <Filter>Source Files</Filter>
    </ClCompile>
    <ClCompile Include="..\Src\mainmenu.c">
      <Filter>Source Files</Filter>
    </ClCompile>
    <ClCompile Include="..\Src\movement.c">
      <Filter>Source Files</Filter>
    </ClCompile>
    <ClCompile Include="..\Src\options.c">
      <Filter>Source Files</Filter>
    </ClCompile>
    <ClCompile Include="..\Src\settings.c">
      <Filter>Source Files</Filter>
    </ClCompile>
    <ClCompile Include="..\Src\splashscreen.c">
      <Filter>Source Files</Filter>
    </ClCompile>
    <ClCompile Include="..\Src\spritesheet.c">
      <Filter>Source Files</Filter>
    </ClCompile>
    <ClCompile Include="..\Src\utils.c">
      <Filter>Source Files</Filter>
    </ClCompile>
    <ClCompile Include="..\Src\options_draw.c">
      <Filter>Source Files</Filter>
    </ClCompile>
  </ItemGroup>
  <ItemGroup>
    <ClInclude Include="..\Inc\basegame.h">
      <Filter>Header Files</Filter>
    </ClInclude>
    <ClInclude Include="..\Inc\credits.h">
      <Filter>Header Files</Filter>
    </ClInclude>
    <ClInclude Include="..\Inc\customer.h">
      <Filter>Header Files</Filter>
    </ClInclude>
    <ClInclude Include="..\Inc\defines.h">
      <Filter>Header Files</Filter>
    </ClInclude>
    <ClInclude Include="..\Inc\generateLevel.h">
      <Filter>Header Files</Filter>
    </ClInclude>
    <ClInclude Include="..\Inc\levellogic.h">
      <Filter>Header Files</Filter>
    </ClInclude>
    <ClInclude Include="..\Inc\levelSelect.h">
      <Filter>Header Files</Filter>
    </ClInclude>
    <ClInclude Include="..\Inc\levelTransition.h">
      <Filter>Header Files</Filter>
    </ClInclude>
    <ClInclude Include="..\Inc\mainmenu.h">
      <Filter>Header Files</Filter>
    </ClInclude>
    <ClInclude Include="..\Inc\movement.h">
      <Filter>Header Files</Filter>
    </ClInclude>
    <ClInclude Include="..\Inc\options.h">
      <Filter>Header Files</Filter>
    </ClInclude>
    <ClInclude Include="..\Inc\settings.h">
      <Filter>Header Files</Filter>
    </ClInclude>
    <ClInclude Include="..\Inc\splashscreen.h">
      <Filter>Header Files</Filter>
    </ClInclude>
    <ClInclude Include="..\Inc\spritesheet.h">
      <Filter>Header Files</Filter>
    </ClInclude>
    <ClInclude Include="..\Inc\structs.h">
      <Filter>Header Files</Filter>
    </ClInclude>
    <ClInclude Include="..\Inc\utils.h">
      <Filter>Header Files</Filter>
    </ClInclude>
    <ClInclude Include="..\Inc\options_draw.h">
      <Filter>Header Files</Filter>
    </ClInclude>
  </ItemGroup>
  <ItemGroup>
    <Filter Include="Header Files">
      <UniqueIdentifier>{038877c7-6952-489d-ae5b-8e190e108e01}</UniqueIdentifier>
    </Filter>
    <Filter Include="Source Files">
      <UniqueIdentifier>{c78fc57c-4f25-4914-ad3b-1c9a9af0612e}</UniqueIdentifier>
    </Filter>
    <Filter Include="Resource Files">
      <UniqueIdentifier>{77913d83-1b65-4be1-999f-7d891658ddb5}</UniqueIdentifier>
    </Filter>
  </ItemGroup>
</Project>